# Generated from the verified linux x86_64 Python 3.11 wheelhouse.
# Install with: pip install --require-hashes --no-index --find-links=wheels -r requirements.lock
alembic==1.18.5 \
    --hash=sha256:06d8ba9d04558022f5395e9317de03d270f3dced49cee01f89fe7a13c26f14bc
annotated-doc==0.0.5 \
    --hash=sha256:117bac03a25ede5df5440e855b32d556049ca169ead221505badf432fed4b101
annotated-types==0.8.0 \
    --hash=sha256:f072f4d804ea359e4eaf198b1af7a8b0943881a87f31bb764f8bf219bb9419e0
anyio==4.14.2 \
    --hash=sha256:9f505dda5ac9f0c8309b5e8bd445a8c2bf7246f3ce950121e45ea15bc41d1494
apscheduler==3.11.3 \
    --hash=sha256:bbeb2ec02d23d3c06a6c07ed7f0f3939ada6680eb121fae809a69bb42c537a30
argon2-cffi==25.1.0 \
    --hash=sha256:fdc8b074db390fccb6eb4a3604ae7231f219aa669a2652e0f20e16ba513d5741
argon2-cffi-bindings==25.1.0 \
    --hash=sha256:d3e924cfc503018a714f94a49a149fdc0b644eaead5d1f089330399134fa028a
cffi==2.1.1 \
    --hash=sha256:34e261f78cb6ceaaa36f42f2613f4380d94d9c759a9c73c769ee6e0247364632
click==8.4.2 \
    --hash=sha256:e6f9f66136c816745b9d65817da91d61d957fb16e02e4dcd0552553c5a197b76
colorama==0.4.6 \
    --hash=sha256:4f1d9991f5acc0ca119f9d443620b77f9d6b33703e51011c16baf57afb285fc6
cryptography==50.0.0 \
    --hash=sha256:82148ec5bddac30b51a5b3c1945075f896fa022cb93f8e4a01e9f6ee95292c5f
deprecated==1.3.1 \
    --hash=sha256:597bfef186b6f60181535a29fbe44865ce137a5079f295b479886c82729d5f3f
ecdsa==0.19.2 \
    --hash=sha256:840f5dc5e375c68f36c1a7a5b9caad28f95daa65185c9253c0c08dd952bb7399
et-xmlfile==2.0.0 \
    --hash=sha256:7a91720bc756843502c3b7504c77b8fe44217c85c537d85037f0f536151b2caa
fastapi==0.139.0 \
    --hash=sha256:cf15e1e9e667ddb0ad63811e60bd11390d1aac838ca4a7a23f421807b2308189
gmssl==3.2.2 \
    --hash=sha256:59f069a91eb19ef59b9e7be4d436ed01c92ce064d3d7d45a8778fc07fd2cd068
greenlet==3.5.5 \
    --hash=sha256:74cc6df89ec5302337adc9cf096221cbed2510fd444b0e0f1586cf0470740864
h11==0.16.0 \
    --hash=sha256:63cf8bbe7522de3bf65932fda1d9c2772064ffb3dae62d55932da54b31cb6c86
httptools==0.8.0 \
    --hash=sha256:57278e6fa0424c42a8a3e454828ab4f0aff27b40cddf9679579b98c6dce6a376
idna==3.18 \
    --hash=sha256:7f952cbe720b688055e3f87de14f5c3e5fdaa8bc3928985c4077ca689de849a2
limits==5.8.0 \
    --hash=sha256:ae1b008a43eb43073c3c579398bd4eb4c795de60952532dc24720ab45e1ac6b8
mako==1.4.1 \
    --hash=sha256:a359d9a94a541213958742b2698d0a7757bb83551767bc468a74b9905aba9617
markupsafe==3.0.3 \
    --hash=sha256:0bf2a864d67e76e5c9a34dc26ec616a66b9888e25e7b9460e1c76d3293bd9dbf
openpyxl==3.1.2 \
    --hash=sha256:f91456ead12ab3c6c2e9491cf33ba6d08357d802192379bb482f1033ade496f5
oracledb==4.0.1 \
    --hash=sha256:ce6319ee01dcbb4d74f0e2a5794c6a566f339958ecac9830c67c7070521620e2
packaging==26.3 \
    --hash=sha256:d7193f7c8e4e93f444fde0262bf90af30e16fa0ad0ad44cb553c87339b23cd1c
pillow==12.2.0 \
    --hash=sha256:e74473c875d78b8e9d5da2a70f7099549f9eb37ded4e2f6a463e60125bccd176
psycopg==3.3.4 \
    --hash=sha256:b6bbc25ccf05c8fad3b061d9db2ef0909a555171b84b07f29458a447253d679a
psycopg-binary==3.3.4 \
    --hash=sha256:ab8cca8ef8fb1ccf5b048ae5bd78ba55b9e4b5d472e3ce5ca39ff4d2a9c249e4
pyasn1==0.6.4 \
    --hash=sha256:deda9277cfd454080ec40b207fb6df82206a3a2688735233cdcd8d3d565f088b
pycparser==3.0 \
    --hash=sha256:b727414169a36b7d524c1c3e31839a521725078d7b2ff038656844266160a992
pycryptodomex==3.23.0 \
    --hash=sha256:f489c4765093fb60e2edafdf223397bc716491b2b69fe74367b70d6999257a5c
pydantic==2.13.4 \
    --hash=sha256:45a282cde31d808236fd7ea9d919b128653c8b38b393d1c4ab335c62924d9aba
pydantic-core==2.46.4 \
    --hash=sha256:f9fa868638bf362d3d138ea55829cefb3d5f4b0d7f142234382a15e2485dbec4
pydantic-settings==2.14.2 \
    --hash=sha256:a20c97b37910b6550d5ea50fbcc2d4187defe58cd57070b73863d069419c9440
pymssql==2.3.11 \
    --hash=sha256:b9aebd415122eee53203f7f8801fc22e7399fcb41efda5b962fe5b3b84a7f093
pymysql==1.2.0 \
    --hash=sha256:62169ce6d5510f08e140c5e7990ee884a9764024e4a9a27b2cc11f1099322ae0
pyodbc==5.3.0 \
    --hash=sha256:c5c30c5cd40b751f77bbc73edd32c4498630939bcd4e72ee7e6c9a4b982cc5ca
pypinyin==0.55.0 \
    --hash=sha256:d53b1e8ad2cdb815fb2cb604ed3123372f5a28c6f447571244aca36fc62a286f
python-dotenv==1.2.2 \
    --hash=sha256:1d8214789a24de455a8b8bd8ae6fe3c6b69a5e3d64aa8a8e5d68e694bbcb285a
python-jose==3.5.0 \
    --hash=sha256:abd1202f23d34dfad2c3d28cb8617b90acf34132c7afd60abd0b0b7d3cb55771
python-multipart==0.0.18 \
    --hash=sha256:efe91480f485f6a361427a541db4796f9e1591afc0fb8e7a4ba06bfbc6708996
pyyaml==6.0.3 \
    --hash=sha256:b8bb0864c5a28024fac8a632c443c87c5aa6f215c0b126c449ae1a150412f31d
rsa==4.9.1 \
    --hash=sha256:68635866661c6836b8d39430f97a996acbd61bfa49406748ea243539fe239762
six==1.17.0 \
    --hash=sha256:4721f391ed90541fddacab5acf947aa0d3dc7d27b2e1e8eda2be8970586c3274
slowapi==0.1.10 \
    --hash=sha256:3acb61561dc9d687e3d3669362ff6a439de9ba44e2fed3a9c165da26b4b83e28
sqlalchemy==2.0.51 \
    --hash=sha256:436728ce18a80f6951a1e11cc6112c2ede9faf20766f1a26195a7c441ca12dbd
starlette==1.6.0 \
    --hash=sha256:a86dd39d14bb45f85a3d18525215a9ef0cfd1f192ac793220e72598c90335f0c
typing-extensions==4.16.0 \
    --hash=sha256:481caa481374e813c1b176ada14e97f1f67a4539ce9cfeb3f350d78d6370c2e8
typing-inspection==0.4.3 \
    --hash=sha256:5f42b23858a91e0b4ef521f5418f03a0da3c9216fd2995ef5e73463100e676cd
tzdata==2026.3 \
    --hash=sha256:dc096730c87af6cab1b171c9d532be840741ff5d459015e7f6947bd7d7e54931
tzlocal==5.4.4 \
    --hash=sha256:aae09f0126a8a86fa736be266eb4a471380d26a0de3bc14844e7821fee3e2a15
uvicorn==0.51.0 \
    --hash=sha256:5d38af6cd620f2ae3849fb44fd4879e0890aa1febe8d47eb355fb45d93fe6a5b
watchfiles==1.2.0 \
    --hash=sha256:a711b51aec4370d0dcda5b6c09463206f133a5759341d7744b953a7b62e1100e
websockets==17.0.1 \
    --hash=sha256:d41e9845514754a42d1d83b2fca9d27fee2ca7b3b0bee6843ba5a9bb2b6e25ac
wrapt==2.3.0 \
    --hash=sha256:fc648a335d7e01adb3640b25f02fd0ea05886cf04d0af7f4ee902bc7b5e466e8
